
Microsoft Visual Studio Solution File, Format Version 12.00
# Visual Studio Version 17
VisualStudioVersion = 17.2.32526.322
MinimumVisualStudioVersion = 10.0.40219.1
Project("{FAE04EC0-301F-11D3-BF4B-00C04F79EFBC}") = "NERABOTA", "NERABOTA\NERABOTA.csproj", "{52E9B8CE-A49E-4DB6-94C3-5BC0F882657B}"
EndProject
Global
	GlobalSection(SolutionConfigurationPlatforms) = preSolution
		Debug|Any CPU = Debug|Any CPU
		Release|Any CPU = Release|Any CPU
	EndGlobalSection
	GlobalSection(ProjectConfigurationPlatforms) = postSolution
		{52E9B8CE-A49E-4DB6-94C3-5BC0F882657B}.Debug|Any CPU.ActiveCfg = Debug|Any CPU
		{52E9B8CE-A49E-4DB6-94C3-5BC0F882657B}.Debug|Any CPU.Build.0 = Debug|Any CPU
		{52E9B8CE-A49E-4DB6-94C3-5BC0F882657B}.Release|Any CPU.ActiveCfg = Release|Any CPU
		{52E9B8CE-A49E-4DB6-94C3-5BC0F882657B}.Release|Any CPU.Build.0 = Release|Any CPU
	EndGlobalSection
	GlobalSection(SolutionProperties) = preSolution
		HideSolutionNode = FALSE
	EndGlobalSection
	GlobalSection(ExtensibilityGlobals) = postSolution
		SolutionGuid = {CDF28483-EDF9-4094-BFAB-29EE1875BB7A}
	EndGlobalSection
EndGlobal
